
Microsoft Visual Studio Solution File, Format Version 12.00
# Visual Studio Version 17
VisualStudioVersion = 17.2.32519.379
MinimumVisualStudioVersion = 10.0.40219.1
Project("{FAE04EC0-301F-11D3-BF4B-00C04F79EFBC}") = "Example1", "Example1\Example1.csproj", "{7BFBBDEB-3F82-4986-AB6D-57AB69F7DEA8}"
EndProject
Project("{FAE04EC0-301F-11D3-BF4B-00C04F79EFBC}") = "Example2", "Example2\Example2.csproj", "{0935C44F-3172-4EFC-9CBE-FB22BC74F343}"
EndProject
Global
	GlobalSection(SolutionConfigurationPlatforms) = preSolution
		Debug|Any CPU = Debug|Any CPU
		Release|Any CPU = Release|Any CPU
	EndGlobalSection
	GlobalSection(ProjectConfigurationPlatforms) = postSolution
		{7BFBBDEB-3F82-4986-AB6D-57AB69F7DEA8}.Debug|Any CPU.ActiveCfg = Debug|Any CPU
		{7BFBBDEB-3F82-4986-AB6D-57AB69F7DEA8}.Debug|Any CPU.Build.0 = Debug|Any CPU
		{7BFBBDEB-3F82-4986-AB6D-57AB69F7DEA8}.Release|Any CPU.ActiveCfg = Release|Any CPU
		{7BFBBDEB-3F82-4986-AB6D-57AB69F7DEA8}.Release|Any CPU.Build.0 = Release|Any CPU
		{0935C44F-3172-4EFC-9CBE-FB22BC74F343}.Debug|Any CPU.ActiveCfg = Debug|Any CPU
		{0935C44F-3172-4EFC-9CBE-FB22BC74F343}.Debug|Any CPU.Build.0 = Debug|Any CPU
		{0935C44F-3172-4EFC-9CBE-FB22BC74F343}.Release|Any CPU.ActiveCfg = Release|Any CPU
		{0935C44F-3172-4EFC-9CBE-FB22BC74F343}.Release|Any CPU.Build.0 = Release|Any CPU
	EndGlobalSection
	GlobalSection(SolutionProperties) = preSolution
		HideSolutionNode = FALSE
	EndGlobalSection
	GlobalSection(ExtensibilityGlobals) = postSolution
		SolutionGuid = {10D67629-C565-4F42-8EF1-63182B64030E}
	EndGlobalSection
EndGlobal
