
Microsoft Visual Studio Solution File, Format Version 12.00
# Visual Studio Version 17
VisualStudioVersion = 17.2.32519.379
MinimumVisualStudioVersion = 10.0.40219.1
Project("{FAE04EC0-301F-11D3-BF4B-00C04F79EFBC}") = "Example1_Method", "Example1_Method\Example1_Method.csproj", "{F1A42116-FA6A-4853-9D4A-3529EFC0DD4F}"
EndProject
Global
	GlobalSection(SolutionConfigurationPlatforms) = preSolution
		Debug|Any CPU = Debug|Any CPU
		Release|Any CPU = Release|Any CPU
	EndGlobalSection
	GlobalSection(ProjectConfigurationPlatforms) = postSolution
		{F1A42116-FA6A-4853-9D4A-3529EFC0DD4F}.Debug|Any CPU.ActiveCfg = Debug|Any CPU
		{F1A42116-FA6A-4853-9D4A-3529EFC0DD4F}.Debug|Any CPU.Build.0 = Debug|Any CPU
		{F1A42116-FA6A-4853-9D4A-3529EFC0DD4F}.Release|Any CPU.ActiveCfg = Release|Any CPU
		{F1A42116-FA6A-4853-9D4A-3529EFC0DD4F}.Release|Any CPU.Build.0 = Release|Any CPU
	EndGlobalSection
	GlobalSection(SolutionProperties) = preSolution
		HideSolutionNode = FALSE
	EndGlobalSection
	GlobalSection(ExtensibilityGlobals) = postSolution
		SolutionGuid = {FD1730AC-C8B8-4C26-9036-D08E5224FD7E}
	EndGlobalSection
EndGlobal
